
Microsoft Visual Studio Solution File, Format Version 12.00
# Visual Studio Version 16
VisualStudioVersion = 16.0.29806.167
MinimumVisualStudioVersion = 10.0.40219.1
Project("{9A19103F-16F7-4668-BE54-9A1E7A4F7556}") = "2.1", "2.1\2.1.csproj", "{E59F6CF8-BF64-417F-AAD5-E47D15A5FA99}"
EndProject
Project("{9A19103F-16F7-4668-BE54-9A1E7A4F7556}") = "2.2", "2.2\2.2.csproj", "{9F32D705-E30C-4937-A1D3-F75996031C0B}"
EndProject
Project("{9A19103F-16F7-4668-BE54-9A1E7A4F7556}") = "2.3", "2.3\2.3.csproj", "{2FF463CD-B402-41A9-9E08-86FDBACA035D}"
EndProject
Project("{9A19103F-16F7-4668-BE54-9A1E7A4F7556}") = "1.1", "1.1\1.1.csproj", "{824DA954-52E4-4466-8725-14F39434D5C5}"
EndProject
Project("{9A19103F-16F7-4668-BE54-9A1E7A4F7556}") = "3.1", "3.1\3.1.csproj", "{155D4BFD-1B38-4D94-96CD-B615BEF2B41E}"
EndProject
Project("{9A19103F-16F7-4668-BE54-9A1E7A4F7556}") = "1.2", "1.2\1.2.csproj", "{F1050996-40C4-4A37-995A-C4DD9978CB0E}"
EndProject
Project("{9A19103F-16F7-4668-BE54-9A1E7A4F7556}") = "4.1", "4.1\4.1.csproj", "{08B43BF3-57E5-4225-B96E-5E90BDE41FC2}"
EndProject
Project("{9A19103F-16F7-4668-BE54-9A1E7A4F7556}") = "4.2", "4.2\4.2.csproj", "{7536F347-222B-46C4-8EA8-3B78AD5436DD}"
EndProject
Project("{9A19103F-16F7-4668-BE54-9A1E7A4F7556}") = "5.1", "5.1\5.1.csproj", "{E3D7446D-4DFA-467E-BEFA-CC1A2DA63F1F}"
EndProject
Project("{FAE04EC0-301F-11D3-BF4B-00C04F79EFBC}") = "7.1", "7.1\7.1.csproj", "{4274F8E1-7F1C-4A74-BD7F-F4E0180811D9}"
EndProject
Project("{9A19103F-16F7-4668-BE54-9A1E7A4F7556}") = "5.1Tests", "5.1Tests\5.1Tests.csproj", "{81D40C36-9D4B-4E28-BB53-C29FFFA16ACC}"
EndProject
Project("{FAE04EC0-301F-11D3-BF4B-00C04F79EFBC}") = "9", "D:\学习\课件\软件构造基础\SimpleCrawler\CrawlerForm\9.csproj", "{4B0FF300-4947-468F-9334-D42C3E496A4E}"
EndProject
Project("{FAE04EC0-301F-11D3-BF4B-00C04F79EFBC}") = "8", "D:\学习\课件\软件构造基础\Homework8\OrderForm\8.csproj", "{0F568EFC-1A46-4DE9-ACB6-C5E4B85D230D}"
EndProject
Global
	GlobalSection(SolutionConfigurationPlatforms) = preSolution
		Debug|Any CPU = Debug|Any CPU
		Release|Any CPU = Release|Any CPU
	EndGlobalSection
	GlobalSection(ProjectConfigurationPlatforms) = postSolution
		{E59F6CF8-BF64-417F-AAD5-E47D15A5FA99}.Debug|Any CPU.ActiveCfg = Debug|Any CPU
		{E59F6CF8-BF64-417F-AAD5-E47D15A5FA99}.Debug|Any CPU.Build.0 = Debug|Any CPU
		{E59F6CF8-BF64-417F-AAD5-E47D15A5FA99}.Release|Any CPU.ActiveCfg = Release|Any CPU
		{E59F6CF8-BF64-417F-AAD5-E47D15A5FA99}.Release|Any CPU.Build.0 = Release|Any CPU
		{9F32D705-E30C-4937-A1D3-F75996031C0B}.Debug|Any CPU.ActiveCfg = Debug|Any CPU
		{9F32D705-E30C-4937-A1D3-F75996031C0B}.Debug|Any CPU.Build.0 = Debug|Any CPU
		{9F32D705-E30C-4937-A1D3-F75996031C0B}.Release|Any CPU.ActiveCfg = Release|Any CPU
		{9F32D705-E30C-4937-A1D3-F75996031C0B}.Release|Any CPU.Build.0 = Release|Any CPU
		{2FF463CD-B402-41A9-9E08-86FDBACA035D}.Debug|Any CPU.ActiveCfg = Debug|Any CPU
		{2FF463CD-B402-41A9-9E08-86FDBACA035D}.Debug|Any CPU.Build.0 = Debug|Any CPU
		{2FF463CD-B402-41A9-9E08-86FDBACA035D}.Release|Any CPU.ActiveCfg = Release|Any CPU
		{2FF463CD-B402-41A9-9E08-86FDBACA035D}.Release|Any CPU.Build.0 = Release|Any CPU
		{824DA954-52E4-4466-8725-14F39434D5C5}.Debug|Any CPU.ActiveCfg = Debug|Any CPU
		{824DA954-52E4-4466-8725-14F39434D5C5}.Debug|Any CPU.Build.0 = Debug|Any CPU
		{824DA954-52E4-4466-8725-14F39434D5C5}.Release|Any CPU.ActiveCfg = Release|Any CPU
		{824DA954-52E4-4466-8725-14F39434D5C5}.Release|Any CPU.Build.0 = Release|Any CPU
		{155D4BFD-1B38-4D94-96CD-B615BEF2B41E}.Debug|Any CPU.ActiveCfg = Debug|Any CPU
		{155D4BFD-1B38-4D94-96CD-B615BEF2B41E}.Debug|Any CPU.Build.0 = Debug|Any CPU
		{155D4BFD-1B38-4D94-96CD-B615BEF2B41E}.Release|Any CPU.ActiveCfg = Release|Any CPU
		{155D4BFD-1B38-4D94-96CD-B615BEF2B41E}.Release|Any CPU.Build.0 = Release|Any CPU
		{F1050996-40C4-4A37-995A-C4DD9978CB0E}.Debug|Any CPU.ActiveCfg = Debug|Any CPU
		{F1050996-40C4-4A37-995A-C4DD9978CB0E}.Debug|Any CPU.Build.0 = Debug|Any CPU
		{F1050996-40C4-4A37-995A-C4DD9978CB0E}.Release|Any CPU.ActiveCfg = Release|Any CPU
		{F1050996-40C4-4A37-995A-C4DD9978CB0E}.Release|Any CPU.Build.0 = Release|Any CPU
		{08B43BF3-57E5-4225-B96E-5E90BDE41FC2}.Debug|Any CPU.ActiveCfg = Debug|Any CPU
		{08B43BF3-57E5-4225-B96E-5E90BDE41FC2}.Debug|Any CPU.Build.0 = Debug|Any CPU
		{08B43BF3-57E5-4225-B96E-5E90BDE41FC2}.Release|Any CPU.ActiveCfg = Release|Any CPU
		{08B43BF3-57E5-4225-B96E-5E90BDE41FC2}.Release|Any CPU.Build.0 = Release|Any CPU
		{7536F347-222B-46C4-8EA8-3B78AD5436DD}.Debug|Any CPU.ActiveCfg = Debug|Any CPU
		{7536F347-222B-46C4-8EA8-3B78AD5436DD}.Debug|Any CPU.Build.0 = Debug|Any CPU
		{7536F347-222B-46C4-8EA8-3B78AD5436DD}.Release|Any CPU.ActiveCfg = Release|Any CPU
		{7536F347-222B-46C4-8EA8-3B78AD5436DD}.Release|Any CPU.Build.0 = Release|Any CPU
		{E3D7446D-4DFA-467E-BEFA-CC1A2DA63F1F}.Debug|Any CPU.ActiveCfg = Debug|Any CPU
		{E3D7446D-4DFA-467E-BEFA-CC1A2DA63F1F}.Debug|Any CPU.Build.0 = Debug|Any CPU
		{E3D7446D-4DFA-467E-BEFA-CC1A2DA63F1F}.Release|Any CPU.ActiveCfg = Release|Any CPU
		{E3D7446D-4DFA-467E-BEFA-CC1A2DA63F1F}.Release|Any CPU.Build.0 = Release|Any CPU
		{4274F8E1-7F1C-4A74-BD7F-F4E0180811D9}.Debug|Any CPU.ActiveCfg = Debug|Any CPU
		{4274F8E1-7F1C-4A74-BD7F-F4E0180811D9}.Debug|Any CPU.Build.0 = Debug|Any CPU
		{4274F8E1-7F1C-4A74-BD7F-F4E0180811D9}.Release|Any CPU.ActiveCfg = Release|Any CPU
		{4274F8E1-7F1C-4A74-BD7F-F4E0180811D9}.Release|Any CPU.Build.0 = Release|Any CPU
		{81D40C36-9D4B-4E28-BB53-C29FFFA16ACC}.Debug|Any CPU.ActiveCfg = Debug|Any CPU
		{81D40C36-9D4B-4E28-BB53-C29FFFA16ACC}.Debug|Any CPU.Build.0 = Debug|Any CPU
		{81D40C36-9D4B-4E28-BB53-C29FFFA16ACC}.Release|Any CPU.ActiveCfg = Release|Any CPU
		{81D40C36-9D4B-4E28-BB53-C29FFFA16ACC}.Release|Any CPU.Build.0 = Release|Any CPU
		{4B0FF300-4947-468F-9334-D42C3E496A4E}.Debug|Any CPU.ActiveCfg = Debug|Any CPU
		{4B0FF300-4947-468F-9334-D42C3E496A4E}.Debug|Any CPU.Build.0 = Debug|Any CPU
		{4B0FF300-4947-468F-9334-D42C3E496A4E}.Release|Any CPU.ActiveCfg = Release|Any CPU
		{4B0FF300-4947-468F-9334-D42C3E496A4E}.Release|Any CPU.Build.0 = Release|Any CPU
		{0F568EFC-1A46-4DE9-ACB6-C5E4B85D230D}.Debug|Any CPU.ActiveCfg = Debug|Any CPU
		{0F568EFC-1A46-4DE9-ACB6-C5E4B85D230D}.Debug|Any CPU.Build.0 = Debug|Any CPU
		{0F568EFC-1A46-4DE9-ACB6-C5E4B85D230D}.Release|Any CPU.ActiveCfg = Release|Any CPU
		{0F568EFC-1A46-4DE9-ACB6-C5E4B85D230D}.Release|Any CPU.Build.0 = Release|Any CPU
	EndGlobalSection
	GlobalSection(SolutionProperties) = preSolution
		HideSolutionNode = FALSE
	EndGlobalSection
	GlobalSection(ExtensibilityGlobals) = postSolution
		SolutionGuid = {C7F69EF7-76DA-4CB5-AB5C-784C9126A58C}
	EndGlobalSection
EndGlobal
